
Microsoft Visual Studio Solution File, Format Version 12.00
# Visual Studio Version 17
VisualStudioVersion = 17.8.34322.80
MinimumVisualStudioVersion = 10.0.40219.1
Project("{2150E333-8FDC-42A3-9474-1A3956D46DE8}") = "Tests", "Tests", "{A3F4643D-185E-40AB-8D95-50C9A1767116}"
EndProject
Project("{9A19103F-16F7-4668-BE54-9A1E7A4F7556}") = "HBLibrary.Wpf", "HBLibrary.Wpf\HBLibrary.Wpf.csproj", "{A78B5289-B34F-4D6D-8630-A87976375A5C}"
EndProject
Project("{9A19103F-16F7-4668-BE54-9A1E7A4F7556}") = "HBLibrary.VisualStudio", "HBLibrary.VisualStudio\HBLibrary.VisualStudio.csproj", "{BF76BDB8-F08F-4884-B863-15A84A2645ED}"
EndProject
Project("{9A19103F-16F7-4668-BE54-9A1E7A4F7556}") = "HBLibrary.Wpf.Tests", "HBLibrary.Wpf.Tests\HBLibrary.Wpf.Tests.csproj", "{5A247406-A9A2-436F-943B-4773F4D7B28F}"
EndProject
Project("{9A19103F-16F7-4668-BE54-9A1E7A4F7556}") = "HBLibrary.DataStructures", "HBLibrary.DataStructures\HBLibrary.DataStructures.csproj", "{D2A6819D-5406-4C5B-A6EC-2E3272FDF261}"
EndProject
Project("{2150E333-8FDC-42A3-9474-1A3956D46DE8}") = "Interface", "Interface", "{7C572A8B-A487-447E-BBF0-A95D46B596DA}"
EndProject
Project("{2150E333-8FDC-42A3-9474-1A3956D46DE8}") = "Implementation", "Implementation", "{3AEC0CA9-4522-4A3D-923F-C390F42A5837}"
EndProject
Project("{9A19103F-16F7-4668-BE54-9A1E7A4F7556}") = "HBLibrary.Interface.Logging", "HBLibrary.Interface.Logging\HBLibrary.Interface.Logging.csproj", "{244147D9-13CE-49DF-AE60-738A6BBD3D2F}"
EndProject
Project("{9A19103F-16F7-4668-BE54-9A1E7A4F7556}") = "HBLibrary.Interface.IO", "HBLibrary.Interface.IO\HBLibrary.Interface.IO.csproj", "{53F9DB4D-1B7D-4B48-9EA7-108E2D076940}"
EndProject
Project("{9A19103F-16F7-4668-BE54-9A1E7A4F7556}") = "HBLibrary.Interface.Security", "HBLibrary.Interface.Security\HBLibrary.Interface.Security.csproj", "{F3FA0DE7-B5F8-46B0-8319-FBBAF7CB0761}"
EndProject
Project("{9A19103F-16F7-4668-BE54-9A1E7A4F7556}") = "HBLibrary.Interface.Core", "HBLibrary.Interface.Core\HBLibrary.Interface.Core.csproj", "{F57BC3DB-4326-421A-A2DB-48E6F04E6DA9}"
EndProject
Project("{9A19103F-16F7-4668-BE54-9A1E7A4F7556}") = "HBLibrary.Interface.CodeAnalysis", "HBLibrary.Interface.CodeAnalysis\HBLibrary.Interface.CodeAnalysis.csproj", "{3FDEE3DD-7D38-4165-9A53-45E285D96993}"
EndProject
Project("{9A19103F-16F7-4668-BE54-9A1E7A4F7556}") = "HBLibrary.Interface.Interpreter", "HBLibrary.Interface.Interpreter\HBLibrary.Interface.Interpreter.csproj", "{ACBA6380-1971-42BD-B548-9AF354E4872A}"
EndProject
Project("{9A19103F-16F7-4668-BE54-9A1E7A4F7556}") = "HBLibrary.Core", "HBLibrary.Core\HBLibrary.Core.csproj", "{0A05CE2F-4991-4709-9BF5-16F8EE745EBC}"
EndProject
Project("{9A19103F-16F7-4668-BE54-9A1E7A4F7556}") = "HBLibrary.DI", "HBLibrary.DI\HBLibrary.DI.csproj", "{0D72010B-42A7-4E6C-A6ED-07D3447A73DF}"
EndProject
Project("{9A19103F-16F7-4668-BE54-9A1E7A4F7556}") = "HBLibrary.Interface.DI", "HBLibrary.Interface.DI\HBLibrary.Interface.DI.csproj", "{2DF2B417-A072-4ABE-AA36-F01416B6F1C8}"
EndProject
Project("{9A19103F-16F7-4668-BE54-9A1E7A4F7556}") = "HBLibrary.Interface.Workspace", "HBLibrary.Interface.Workspace\HBLibrary.Interface.Workspace.csproj", "{5005A49F-702D-4BC9-B7BE-07EDED6F4945}"
EndProject
Project("{9A19103F-16F7-4668-BE54-9A1E7A4F7556}") = "HBLibrary.Interface.Plugins", "HBLibrary.Interface.Plugins\HBLibrary.Interface.Plugins.csproj", "{9DF06713-2F9C-422E-9AD4-D13AB440C8BB}"
EndProject
Project("{9A19103F-16F7-4668-BE54-9A1E7A4F7556}") = "HBLibrary.Workspace", "HBLibrary.Workspace\HBLibrary.Workspace.csproj", "{8A1EF258-B7DA-4A7D-AB15-E6399497C582}"
EndProject
Project("{9A19103F-16F7-4668-BE54-9A1E7A4F7556}") = "HBLibrary.Plugins", "HBLibrary.Plugins\HBLibrary.Plugins.csproj", "{7AFB9A56-0398-48A7-87E9-03698F280A6C}"
EndProject
Project("{9A19103F-16F7-4668-BE54-9A1E7A4F7556}") = "HBLibrary.IO", "HBLibrary.IO\HBLibrary.IO.csproj", "{A516D721-7C33-4A87-B6A9-FDB68060FCCE}"
EndProject
Project("{9A19103F-16F7-4668-BE54-9A1E7A4F7556}") = "HBLibrary.Logging", "HBLibrary.Logging\HBLibrary.Logging.csproj", "{B1216AE0-A3F7-43B5-B4D4-DC8ABFBEB764}"
EndProject
Project("{9A19103F-16F7-4668-BE54-9A1E7A4F7556}") = "HBLibrary.Logging.EFCoreTarget", "HBLibrary.Logging.EFCoreTarget\HBLibrary.Logging.EFCoreTarget.csproj", "{54CD5055-6AED-4C51-AB06-B1D79145261A}"
EndProject
Project("{9A19103F-16F7-4668-BE54-9A1E7A4F7556}") = "HBLibrary.Security", "HBLibrary.Security\HBLibrary.Security.csproj", "{26655BDB-87DB-4F40-9655-5786A6DF034B}"
EndProject
Project("{9A19103F-16F7-4668-BE54-9A1E7A4F7556}") = "HBLibrary.Interpreter", "HBLibrary.Interpreter\HBLibrary.Interpreter.csproj", "{DDEA0F8A-9FA2-4D79-815C-880C2E400063}"
EndProject
Project("{9A19103F-16F7-4668-BE54-9A1E7A4F7556}") = "HBLibrary.CodeAnalysis", "HBLibrary.CodeAnalysis\HBLibrary.CodeAnalysis.csproj", "{75592416-26A0-46F0-9BA4-DADC29EFC999}"
EndProject
Global
	GlobalSection(SolutionConfigurationPlatforms) = preSolution
		Debug|Any CPU = Debug|Any CPU
		Release|Any CPU = Release|Any CPU
	EndGlobalSection
	GlobalSection(ProjectConfigurationPlatforms) = postSolution
		{A78B5289-B34F-4D6D-8630-A87976375A5C}.Debug|Any CPU.ActiveCfg = Debug|Any CPU
		{A78B5289-B34F-4D6D-8630-A87976375A5C}.Debug|Any CPU.Build.0 = Debug|Any CPU
		{A78B5289-B34F-4D6D-8630-A87976375A5C}.Release|Any CPU.ActiveCfg = Release|Any CPU
		{A78B5289-B34F-4D6D-8630-A87976375A5C}.Release|Any CPU.Build.0 = Release|Any CPU
		{BF76BDB8-F08F-4884-B863-15A84A2645ED}.Debug|Any CPU.ActiveCfg = Debug|Any CPU
		{BF76BDB8-F08F-4884-B863-15A84A2645ED}.Debug|Any CPU.Build.0 = Debug|Any CPU
		{BF76BDB8-F08F-4884-B863-15A84A2645ED}.Release|Any CPU.ActiveCfg = Release|Any CPU
		{BF76BDB8-F08F-4884-B863-15A84A2645ED}.Release|Any CPU.Build.0 = Release|Any CPU
		{5A247406-A9A2-436F-943B-4773F4D7B28F}.Debug|Any CPU.ActiveCfg = Debug|Any CPU
		{5A247406-A9A2-436F-943B-4773F4D7B28F}.Debug|Any CPU.Build.0 = Debug|Any CPU
		{5A247406-A9A2-436F-943B-4773F4D7B28F}.Release|Any CPU.ActiveCfg = Release|Any CPU
		{5A247406-A9A2-436F-943B-4773F4D7B28F}.Release|Any CPU.Build.0 = Release|Any CPU
		{D2A6819D-5406-4C5B-A6EC-2E3272FDF261}.Debug|Any CPU.ActiveCfg = Debug|Any CPU
		{D2A6819D-5406-4C5B-A6EC-2E3272FDF261}.Debug|Any CPU.Build.0 = Debug|Any CPU
		{D2A6819D-5406-4C5B-A6EC-2E3272FDF261}.Release|Any CPU.ActiveCfg = Release|Any CPU
		{D2A6819D-5406-4C5B-A6EC-2E3272FDF261}.Release|Any CPU.Build.0 = Release|Any CPU
		{244147D9-13CE-49DF-AE60-738A6BBD3D2F}.Debug|Any CPU.ActiveCfg = Debug|Any CPU
		{244147D9-13CE-49DF-AE60-738A6BBD3D2F}.Debug|Any CPU.Build.0 = Debug|Any CPU
		{244147D9-13CE-49DF-AE60-738A6BBD3D2F}.Release|Any CPU.ActiveCfg = Release|Any CPU
		{244147D9-13CE-49DF-AE60-738A6BBD3D2F}.Release|Any CPU.Build.0 = Release|Any CPU
		{53F9DB4D-1B7D-4B48-9EA7-108E2D076940}.Debug|Any CPU.ActiveCfg = Debug|Any CPU
		{53F9DB4D-1B7D-4B48-9EA7-108E2D076940}.Debug|Any CPU.Build.0 = Debug|Any CPU
		{53F9DB4D-1B7D-4B48-9EA7-108E2D076940}.Release|Any CPU.ActiveCfg = Release|Any CPU
		{53F9DB4D-1B7D-4B48-9EA7-108E2D076940}.Release|Any CPU.Build.0 = Release|Any CPU
		{F3FA0DE7-B5F8-46B0-8319-FBBAF7CB0761}.Debug|Any CPU.ActiveCfg = Debug|Any CPU
		{F3FA0DE7-B5F8-46B0-8319-FBBAF7CB0761}.Debug|Any CPU.Build.0 = Debug|Any CPU
		{F3FA0DE7-B5F8-46B0-8319-FBBAF7CB0761}.Release|Any CPU.ActiveCfg = Release|Any CPU
		{F3FA0DE7-B5F8-46B0-8319-FBBAF7CB0761}.Release|Any CPU.Build.0 = Release|Any CPU
		{F57BC3DB-4326-421A-A2DB-48E6F04E6DA9}.Debug|Any CPU.ActiveCfg = Debug|Any CPU
		{F57BC3DB-4326-421A-A2DB-48E6F04E6DA9}.Debug|Any CPU.Build.0 = Debug|Any CPU
		{F57BC3DB-4326-421A-A2DB-48E6F04E6DA9}.Release|Any CPU.ActiveCfg = Release|Any CPU
		{F57BC3DB-4326-421A-A2DB-48E6F04E6DA9}.Release|Any CPU.Build.0 = Release|Any CPU
		{3FDEE3DD-7D38-4165-9A53-45E285D96993}.Debug|Any CPU.ActiveCfg = Debug|Any CPU
		{3FDEE3DD-7D38-4165-9A53-45E285D96993}.Debug|Any CPU.Build.0 = Debug|Any CPU
		{3FDEE3DD-7D38-4165-9A53-45E285D96993}.Release|Any CPU.ActiveCfg = Release|Any CPU
		{3FDEE3DD-7D38-4165-9A53-45E285D96993}.Release|Any CPU.Build.0 = Release|Any CPU
		{ACBA6380-1971-42BD-B548-9AF354E4872A}.Debug|Any CPU.ActiveCfg = Debug|Any CPU
		{ACBA6380-1971-42BD-B548-9AF354E4872A}.Debug|Any CPU.Build.0 = Debug|Any CPU
		{ACBA6380-1971-42BD-B548-9AF354E4872A}.Release|Any CPU.ActiveCfg = Release|Any CPU
		{ACBA6380-1971-42BD-B548-9AF354E4872A}.Release|Any CPU.Build.0 = Release|Any CPU
		{0A05CE2F-4991-4709-9BF5-16F8EE745EBC}.Debug|Any CPU.ActiveCfg = Debug|Any CPU
		{0A05CE2F-4991-4709-9BF5-16F8EE745EBC}.Debug|Any CPU.Build.0 = Debug|Any CPU
		{0A05CE2F-4991-4709-9BF5-16F8EE745EBC}.Release|Any CPU.ActiveCfg = Release|Any CPU
		{0A05CE2F-4991-4709-9BF5-16F8EE745EBC}.Release|Any CPU.Build.0 = Release|Any CPU
		{0D72010B-42A7-4E6C-A6ED-07D3447A73DF}.Debug|Any CPU.ActiveCfg = Debug|Any CPU
		{0D72010B-42A7-4E6C-A6ED-07D3447A73DF}.Debug|Any CPU.Build.0 = Debug|Any CPU
		{0D72010B-42A7-4E6C-A6ED-07D3447A73DF}.Release|Any CPU.ActiveCfg = Release|Any CPU
		{0D72010B-42A7-4E6C-A6ED-07D3447A73DF}.Release|Any CPU.Build.0 = Release|Any CPU
		{2DF2B417-A072-4ABE-AA36-F01416B6F1C8}.Debug|Any CPU.ActiveCfg = Debug|Any CPU
		{2DF2B417-A072-4ABE-AA36-F01416B6F1C8}.Debug|Any CPU.Build.0 = Debug|Any CPU
		{2DF2B417-A072-4ABE-AA36-F01416B6F1C8}.Release|Any CPU.ActiveCfg = Release|Any CPU
		{2DF2B417-A072-4ABE-AA36-F01416B6F1C8}.Release|Any CPU.Build.0 = Release|Any CPU
		{5005A49F-702D-4BC9-B7BE-07EDED6F4945}.Debug|Any CPU.ActiveCfg = Debug|Any CPU
		{5005A49F-702D-4BC9-B7BE-07EDED6F4945}.Debug|Any CPU.Build.0 = Debug|Any CPU
		{5005A49F-702D-4BC9-B7BE-07EDED6F4945}.Release|Any CPU.ActiveCfg = Release|Any CPU
		{5005A49F-702D-4BC9-B7BE-07EDED6F4945}.Release|Any CPU.Build.0 = Release|Any CPU
		{9DF06713-2F9C-422E-9AD4-D13AB440C8BB}.Debug|Any CPU.ActiveCfg = Debug|Any CPU
		{9DF06713-2F9C-422E-9AD4-D13AB440C8BB}.Debug|Any CPU.Build.0 = Debug|Any CPU
		{9DF06713-2F9C-422E-9AD4-D13AB440C8BB}.Release|Any CPU.ActiveCfg = Release|Any CPU
		{9DF06713-2F9C-422E-9AD4-D13AB440C8BB}.Release|Any CPU.Build.0 = Release|Any CPU
		{8A1EF258-B7DA-4A7D-AB15-E6399497C582}.Debug|Any CPU.ActiveCfg = Debug|Any CPU
		{8A1EF258-B7DA-4A7D-AB15-E6399497C582}.Debug|Any CPU.Build.0 = Debug|Any CPU
		{8A1EF258-B7DA-4A7D-AB15-E6399497C582}.Release|Any CPU.ActiveCfg = Release|Any CPU
		{8A1EF258-B7DA-4A7D-AB15-E6399497C582}.Release|Any CPU.Build.0 = Release|Any CPU
		{7AFB9A56-0398-48A7-87E9-03698F280A6C}.Debug|Any CPU.ActiveCfg = Debug|Any CPU
		{7AFB9A56-0398-48A7-87E9-03698F280A6C}.Debug|Any CPU.Build.0 = Debug|Any CPU
		{7AFB9A56-0398-48A7-87E9-03698F280A6C}.Release|Any CPU.ActiveCfg = Release|Any CPU
		{7AFB9A56-0398-48A7-87E9-03698F280A6C}.Release|Any CPU.Build.0 = Release|Any CPU
		{A516D721-7C33-4A87-B6A9-FDB68060FCCE}.Debug|Any CPU.ActiveCfg = Debug|Any CPU
		{A516D721-7C33-4A87-B6A9-FDB68060FCCE}.Debug|Any CPU.Build.0 = Debug|Any CPU
		{A516D721-7C33-4A87-B6A9-FDB68060FCCE}.Release|Any CPU.ActiveCfg = Release|Any CPU
		{A516D721-7C33-4A87-B6A9-FDB68060FCCE}.Release|Any CPU.Build.0 = Release|Any CPU
		{B1216AE0-A3F7-43B5-B4D4-DC8ABFBEB764}.Debug|Any CPU.ActiveCfg = Debug|Any CPU
		{B1216AE0-A3F7-43B5-B4D4-DC8ABFBEB764}.Debug|Any CPU.Build.0 = Debug|Any CPU
		{B1216AE0-A3F7-43B5-B4D4-DC8ABFBEB764}.Release|Any CPU.ActiveCfg = Release|Any CPU
		{B1216AE0-A3F7-43B5-B4D4-DC8ABFBEB764}.Release|Any CPU.Build.0 = Release|Any CPU
		{54CD5055-6AED-4C51-AB06-B1D79145261A}.Debug|Any CPU.ActiveCfg = Debug|Any CPU
		{54CD5055-6AED-4C51-AB06-B1D79145261A}.Debug|Any CPU.Build.0 = Debug|Any CPU
		{54CD5055-6AED-4C51-AB06-B1D79145261A}.Release|Any CPU.ActiveCfg = Release|Any CPU
		{54CD5055-6AED-4C51-AB06-B1D79145261A}.Release|Any CPU.Build.0 = Release|Any CPU
		{26655BDB-87DB-4F40-9655-5786A6DF034B}.Debug|Any CPU.ActiveCfg = Debug|Any CPU
		{26655BDB-87DB-4F40-9655-5786A6DF034B}.Debug|Any CPU.Build.0 = Debug|Any CPU
		{26655BDB-87DB-4F40-9655-5786A6DF034B}.Release|Any CPU.ActiveCfg = Release|Any CPU
		{26655BDB-87DB-4F40-9655-5786A6DF034B}.Release|Any CPU.Build.0 = Release|Any CPU
		{DDEA0F8A-9FA2-4D79-815C-880C2E400063}.Debug|Any CPU.ActiveCfg = Debug|Any CPU
		{DDEA0F8A-9FA2-4D79-815C-880C2E400063}.Debug|Any CPU.Build.0 = Debug|Any CPU
		{DDEA0F8A-9FA2-4D79-815C-880C2E400063}.Release|Any CPU.ActiveCfg = Release|Any CPU
		{DDEA0F8A-9FA2-4D79-815C-880C2E400063}.Release|Any CPU.Build.0 = Release|Any CPU
		{75592416-26A0-46F0-9BA4-DADC29EFC999}.Debug|Any CPU.ActiveCfg = Debug|Any CPU
		{75592416-26A0-46F0-9BA4-DADC29EFC999}.Debug|Any CPU.Build.0 = Debug|Any CPU
		{75592416-26A0-46F0-9BA4-DADC29EFC999}.Release|Any CPU.ActiveCfg = Release|Any CPU
		{75592416-26A0-46F0-9BA4-DADC29EFC999}.Release|Any CPU.Build.0 = Release|Any CPU
	EndGlobalSection
	GlobalSection(SolutionProperties) = preSolution
		HideSolutionNode = FALSE
	EndGlobalSection
	GlobalSection(NestedProjects) = preSolution
		{5A247406-A9A2-436F-943B-4773F4D7B28F} = {A3F4643D-185E-40AB-8D95-50C9A1767116}
		{244147D9-13CE-49DF-AE60-738A6BBD3D2F} = {7C572A8B-A487-447E-BBF0-A95D46B596DA}
		{53F9DB4D-1B7D-4B48-9EA7-108E2D076940} = {7C572A8B-A487-447E-BBF0-A95D46B596DA}
		{F3FA0DE7-B5F8-46B0-8319-FBBAF7CB0761} = {7C572A8B-A487-447E-BBF0-A95D46B596DA}
		{F57BC3DB-4326-421A-A2DB-48E6F04E6DA9} = {7C572A8B-A487-447E-BBF0-A95D46B596DA}
		{3FDEE3DD-7D38-4165-9A53-45E285D96993} = {7C572A8B-A487-447E-BBF0-A95D46B596DA}
		{ACBA6380-1971-42BD-B548-9AF354E4872A} = {7C572A8B-A487-447E-BBF0-A95D46B596DA}
		{0D72010B-42A7-4E6C-A6ED-07D3447A73DF} = {3AEC0CA9-4522-4A3D-923F-C390F42A5837}
		{2DF2B417-A072-4ABE-AA36-F01416B6F1C8} = {7C572A8B-A487-447E-BBF0-A95D46B596DA}
		{5005A49F-702D-4BC9-B7BE-07EDED6F4945} = {7C572A8B-A487-447E-BBF0-A95D46B596DA}
		{9DF06713-2F9C-422E-9AD4-D13AB440C8BB} = {7C572A8B-A487-447E-BBF0-A95D46B596DA}
		{8A1EF258-B7DA-4A7D-AB15-E6399497C582} = {3AEC0CA9-4522-4A3D-923F-C390F42A5837}
		{7AFB9A56-0398-48A7-87E9-03698F280A6C} = {3AEC0CA9-4522-4A3D-923F-C390F42A5837}
		{A516D721-7C33-4A87-B6A9-FDB68060FCCE} = {3AEC0CA9-4522-4A3D-923F-C390F42A5837}
		{B1216AE0-A3F7-43B5-B4D4-DC8ABFBEB764} = {3AEC0CA9-4522-4A3D-923F-C390F42A5837}
		{54CD5055-6AED-4C51-AB06-B1D79145261A} = {3AEC0CA9-4522-4A3D-923F-C390F42A5837}
		{26655BDB-87DB-4F40-9655-5786A6DF034B} = {3AEC0CA9-4522-4A3D-923F-C390F42A5837}
		{DDEA0F8A-9FA2-4D79-815C-880C2E400063} = {3AEC0CA9-4522-4A3D-923F-C390F42A5837}
		{75592416-26A0-46F0-9BA4-DADC29EFC999} = {3AEC0CA9-4522-4A3D-923F-C390F42A5837}
	EndGlobalSection
	GlobalSection(ExtensibilityGlobals) = postSolution
		SolutionGuid = {200860FD-AB8D-4D1B-9865-33C1F2AFA4E2}
	EndGlobalSection
EndGlobal
