
Microsoft Visual Studio Solution File, Format Version 12.00
# Visual Studio Version 17
VisualStudioVersion = 17.8.34322.80
MinimumVisualStudioVersion = 10.0.40219.1
Project("{9A19103F-16F7-4668-BE54-9A1E7A4F7556}") = "HBLibrary.Common", "HBLibrary.Common\HBLibrary.Common.csproj", "{8C29F505-FB1C-4974-8F4F-A3C9B6C5887E}"
EndProject
Project("{9A19103F-16F7-4668-BE54-9A1E7A4F7556}") = "HBLibrary.Services.IO", "HBLibrary.Services.IO\HBLibrary.Services.IO.csproj", "{C655B897-2122-4824-8417-5594FAA36AC8}"
EndProject
Project("{9A19103F-16F7-4668-BE54-9A1E7A4F7556}") = "HBLibrary.Services.Logging", "HBLibrary.Services.Logging\HBLibrary.Services.Logging.csproj", "{F80D4748-F332-45A5-9F5E-6743B63E9BED}"
EndProject
Project("{9A19103F-16F7-4668-BE54-9A1E7A4F7556}") = "HBLibrary.Code.Interpreter", "HBLibrary.Code.Interpreter\HBLibrary.Code.Interpreter.csproj", "{AE943A37-E960-4C13-977B-636988ED4A38}"
EndProject
Project("{2150E333-8FDC-42A3-9474-1A3956D46DE8}") = "Tests", "Tests", "{A3F4643D-185E-40AB-8D95-50C9A1767116}"
EndProject
Project("{FAE04EC0-301F-11D3-BF4B-00C04F79EFBC}") = "HBLibrary.Services.Logging.Tests", "HBLibrary.Services.Logging.Tests\HBLibrary.Services.Logging.Tests.csproj", "{24C9DA1B-C118-4503-904F-70AC10D40B68}"
EndProject
Project("{FAE04EC0-301F-11D3-BF4B-00C04F79EFBC}") = "HBLibrary.Code.Analysis", "HBLibrary.Code.Analysis\HBLibrary.Code.Analysis.csproj", "{483E3A64-5401-4931-B1DA-25889A0D1E25}"
EndProject
Project("{FAE04EC0-301F-11D3-BF4B-00C04F79EFBC}") = "HBLibrary.Services.Security", "HBLibrary.Services.Security\HBLibrary.Services.Security.csproj", "{5019D774-3C23-46B1-AF0F-DAA721E81B16}"
EndProject
Project("{FAE04EC0-301F-11D3-BF4B-00C04F79EFBC}") = "HBLibrary.Wpf", "HBLibrary.Wpf\HBLibrary.Wpf.csproj", "{A78B5289-B34F-4D6D-8630-A87976375A5C}"
EndProject
Project("{FAE04EC0-301F-11D3-BF4B-00C04F79EFBC}") = "HBLibrary.VisualStudio", "HBLibrary.VisualStudio\HBLibrary.VisualStudio.csproj", "{BF76BDB8-F08F-4884-B863-15A84A2645ED}"
EndProject
Global
	GlobalSection(SolutionConfigurationPlatforms) = preSolution
		Debug|Any CPU = Debug|Any CPU
		Release|Any CPU = Release|Any CPU
	EndGlobalSection
	GlobalSection(ProjectConfigurationPlatforms) = postSolution
		{8C29F505-FB1C-4974-8F4F-A3C9B6C5887E}.Debug|Any CPU.ActiveCfg = Debug|Any CPU
		{8C29F505-FB1C-4974-8F4F-A3C9B6C5887E}.Debug|Any CPU.Build.0 = Debug|Any CPU
		{8C29F505-FB1C-4974-8F4F-A3C9B6C5887E}.Release|Any CPU.ActiveCfg = Release|Any CPU
		{8C29F505-FB1C-4974-8F4F-A3C9B6C5887E}.Release|Any CPU.Build.0 = Release|Any CPU
		{C655B897-2122-4824-8417-5594FAA36AC8}.Debug|Any CPU.ActiveCfg = Debug|Any CPU
		{C655B897-2122-4824-8417-5594FAA36AC8}.Debug|Any CPU.Build.0 = Debug|Any CPU
		{C655B897-2122-4824-8417-5594FAA36AC8}.Release|Any CPU.ActiveCfg = Release|Any CPU
		{C655B897-2122-4824-8417-5594FAA36AC8}.Release|Any CPU.Build.0 = Release|Any CPU
		{F80D4748-F332-45A5-9F5E-6743B63E9BED}.Debug|Any CPU.ActiveCfg = Debug|Any CPU
		{F80D4748-F332-45A5-9F5E-6743B63E9BED}.Debug|Any CPU.Build.0 = Debug|Any CPU
		{F80D4748-F332-45A5-9F5E-6743B63E9BED}.Release|Any CPU.ActiveCfg = Release|Any CPU
		{F80D4748-F332-45A5-9F5E-6743B63E9BED}.Release|Any CPU.Build.0 = Release|Any CPU
		{AE943A37-E960-4C13-977B-636988ED4A38}.Debug|Any CPU.ActiveCfg = Debug|Any CPU
		{AE943A37-E960-4C13-977B-636988ED4A38}.Debug|Any CPU.Build.0 = Debug|Any CPU
		{AE943A37-E960-4C13-977B-636988ED4A38}.Release|Any CPU.ActiveCfg = Release|Any CPU
		{AE943A37-E960-4C13-977B-636988ED4A38}.Release|Any CPU.Build.0 = Release|Any CPU
		{24C9DA1B-C118-4503-904F-70AC10D40B68}.Debug|Any CPU.ActiveCfg = Debug|Any CPU
		{24C9DA1B-C118-4503-904F-70AC10D40B68}.Debug|Any CPU.Build.0 = Debug|Any CPU
		{24C9DA1B-C118-4503-904F-70AC10D40B68}.Release|Any CPU.ActiveCfg = Release|Any CPU
		{24C9DA1B-C118-4503-904F-70AC10D40B68}.Release|Any CPU.Build.0 = Release|Any CPU
		{483E3A64-5401-4931-B1DA-25889A0D1E25}.Debug|Any CPU.ActiveCfg = Debug|Any CPU
		{483E3A64-5401-4931-B1DA-25889A0D1E25}.Debug|Any CPU.Build.0 = Debug|Any CPU
		{483E3A64-5401-4931-B1DA-25889A0D1E25}.Release|Any CPU.ActiveCfg = Release|Any CPU
		{483E3A64-5401-4931-B1DA-25889A0D1E25}.Release|Any CPU.Build.0 = Release|Any CPU
		{5019D774-3C23-46B1-AF0F-DAA721E81B16}.Debug|Any CPU.ActiveCfg = Debug|Any CPU
		{5019D774-3C23-46B1-AF0F-DAA721E81B16}.Debug|Any CPU.Build.0 = Debug|Any CPU
		{5019D774-3C23-46B1-AF0F-DAA721E81B16}.Release|Any CPU.ActiveCfg = Release|Any CPU
		{5019D774-3C23-46B1-AF0F-DAA721E81B16}.Release|Any CPU.Build.0 = Release|Any CPU
		{A78B5289-B34F-4D6D-8630-A87976375A5C}.Debug|Any CPU.ActiveCfg = Debug|Any CPU
		{A78B5289-B34F-4D6D-8630-A87976375A5C}.Debug|Any CPU.Build.0 = Debug|Any CPU
		{A78B5289-B34F-4D6D-8630-A87976375A5C}.Release|Any CPU.ActiveCfg = Release|Any CPU
		{A78B5289-B34F-4D6D-8630-A87976375A5C}.Release|Any CPU.Build.0 = Release|Any CPU
		{BF76BDB8-F08F-4884-B863-15A84A2645ED}.Debug|Any CPU.ActiveCfg = Debug|Any CPU
		{BF76BDB8-F08F-4884-B863-15A84A2645ED}.Debug|Any CPU.Build.0 = Debug|Any CPU
		{BF76BDB8-F08F-4884-B863-15A84A2645ED}.Release|Any CPU.ActiveCfg = Release|Any CPU
		{BF76BDB8-F08F-4884-B863-15A84A2645ED}.Release|Any CPU.Build.0 = Release|Any CPU
	EndGlobalSection
	GlobalSection(SolutionProperties) = preSolution
		HideSolutionNode = FALSE
	EndGlobalSection
	GlobalSection(NestedProjects) = preSolution
		{24C9DA1B-C118-4503-904F-70AC10D40B68} = {A3F4643D-185E-40AB-8D95-50C9A1767116}
	EndGlobalSection
	GlobalSection(ExtensibilityGlobals) = postSolution
		SolutionGuid = {200860FD-AB8D-4D1B-9865-33C1F2AFA4E2}
	EndGlobalSection
EndGlobal
